// !$*UTF8*$!
{
	archiveVersion = 1;
	classes = {
	};
	objectVersion = 55;
	objects = {

/* Begin PBXBuildFile section */
		22F235ADD2713B4EED3A8707 /* Pods_VkNewsFeed.framework in Frameworks */ = {isa = PBXBuildFile; fileRef = CB2D83EAAD0D4E3F0386A4B5 /* Pods_VkNewsFeed.framework */; };
		FA6EBFAB28D484E100A4B5E7 /* FeedResponse.swift in Sources */ = {isa = PBXBuildFile; fileRef = FA6EBFAA28D484E100A4B5E7 /* FeedResponse.swift */; };
		FA6EBFAD28D48BFA00A4B5E7 /* NetworkDataFetcher.swift in Sources */ = {isa = PBXBuildFile; fileRef = FA6EBFAC28D48BFA00A4B5E7 /* NetworkDataFetcher.swift */; };
		FA6EBFB628D4936500A4B5E7 /* NewsFeedPresenter.swift in Sources */ = {isa = PBXBuildFile; fileRef = FA6EBFAF28D4936500A4B5E7 /* NewsFeedPresenter.swift */; };
		FA6EBFB728D4936500A4B5E7 /* NewsFeedWorker.swift in Sources */ = {isa = PBXBuildFile; fileRef = FA6EBFB028D4936500A4B5E7 /* NewsFeedWorker.swift */; };
		FA6EBFB828D4936500A4B5E7 /* NewsFeedRouter.swift in Sources */ = {isa = PBXBuildFile; fileRef = FA6EBFB128D4936500A4B5E7 /* NewsFeedRouter.swift */; };
		FA6EBFB928D4936500A4B5E7 /* NewsFeedModels.swift in Sources */ = {isa = PBXBuildFile; fileRef = FA6EBFB228D4936500A4B5E7 /* NewsFeedModels.swift */; };
		FA6EBFBA28D4936500A4B5E7 /* NewsFeedViewController.swift in Sources */ = {isa = PBXBuildFile; fileRef = FA6EBFB328D4936500A4B5E7 /* NewsFeedViewController.swift */; };
		FA6EBFBB28D4936500A4B5E7 /* NewsFeedInteractor.swift in Sources */ = {isa = PBXBuildFile; fileRef = FA6EBFB428D4936500A4B5E7 /* NewsFeedInteractor.swift */; };
		FA6EBFBE28D49D5200A4B5E7 /* NewsFeedViewController.storyboard in Resources */ = {isa = PBXBuildFile; fileRef = FA6EBFBD28D49D5200A4B5E7 /* NewsFeedViewController.storyboard */; };
		FA90D56E28D1F57A008B6DA0 /* AuthViewController.storyboard in Resources */ = {isa = PBXBuildFile; fileRef = FA90D56D28D1F579008B6DA0 /* AuthViewController.storyboard */; };
		FA90D5C528D37878008B6DA0 /* NetworkService.swift in Sources */ = {isa = PBXBuildFile; fileRef = FA90D5C428D37878008B6DA0 /* NetworkService.swift */; };
		FA90D5C728D37958008B6DA0 /* API.swift in Sources */ = {isa = PBXBuildFile; fileRef = FA90D5C628D37958008B6DA0 /* API.swift */; };
		FAD2C75D28D4AF8B00B3CE3F /* NewsFeedCell.swift in Sources */ = {isa = PBXBuildFile; fileRef = FAD2C75C28D4AF8B00B3CE3F /* NewsFeedCell.swift */; };
		FAD2C75F28D4AFD300B3CE3F /* NewsFeedCell.xib in Resources */ = {isa = PBXBuildFile; fileRef = FAD2C75E28D4AFD300B3CE3F /* NewsFeedCell.xib */; };
		FAD2C76228D5FBBE00B3CE3F /* WebImageView.swift in Sources */ = {isa = PBXBuildFile; fileRef = FAD2C76128D5FBBE00B3CE3F /* WebImageView.swift */; };
		FAD2C76428D61C1C00B3CE3F /* NewsFeedCellLayoutCompilator.swift in Sources */ = {isa = PBXBuildFile; fileRef = FAD2C76328D61C1C00B3CE3F /* NewsFeedCellLayoutCompilator.swift */; };
		FAD2C76628D62BF400B3CE3F /* String + Height.swift in Sources */ = {isa = PBXBuildFile; fileRef = FAD2C76528D62BF400B3CE3F /* String + Height.swift */; };
		FAD2C76828D7755900B3CE3F /* NewsFeedCodeCell.swift in Sources */ = {isa = PBXBuildFile; fileRef = FAD2C76728D7755900B3CE3F /* NewsFeedCodeCell.swift */; };
		FAD2C76A28D77BF700B3CE3F /* Constraints.swift in Sources */ = {isa = PBXBuildFile; fileRef = FAD2C76928D77BF700B3CE3F /* Constraints.swift */; };
		FAD2C76C28D7831000B3CE3F /* Constants.swift in Sources */ = {isa = PBXBuildFile; fileRef = FAD2C76B28D7831000B3CE3F /* Constants.swift */; };
		FAF81DE928D0C79A00F80084 /* AppDelegate.swift in Sources */ = {isa = PBXBuildFile; fileRef = FAF81DE828D0C79A00F80084 /* AppDelegate.swift */; };
		FAF81DEB28D0C79A00F80084 /* SceneDelegate.swift in Sources */ = {isa = PBXBuildFile; fileRef = FAF81DEA28D0C79A00F80084 /* SceneDelegate.swift */; };
		FAF81DED28D0C79A00F80084 /* AuthViewController.swift in Sources */ = {isa = PBXBuildFile; fileRef = FAF81DEC28D0C79A00F80084 /* AuthViewController.swift */; };
		FAF81DF228D0C79F00F80084 /* Assets.xcassets in Resources */ = {isa = PBXBuildFile; fileRef = FAF81DF128D0C79F00F80084 /* Assets.xcassets */; };
		FAF81DF528D0C79F00F80084 /* LaunchScreen.storyboard in Resources */ = {isa = PBXBuildFile; fileRef = FAF81DF328D0C79F00F80084 /* LaunchScreen.storyboard */; };
		FAF81DFD28D0D0CA00F80084 /* AuthService.swift in Sources */ = {isa = PBXBuildFile; fileRef = FAF81DFC28D0D0CA00F80084 /* AuthService.swift */; };
/* End PBXBuildFile section */

/* Begin PBXFileReference section */
		28E654E29D1C71FAA3147111 /* Pods-VkNewsFeed.debug.xcconfig */ = {isa = PBXFileReference; includeInIndex = 1; lastKnownFileType = text.xcconfig; name = "Pods-VkNewsFeed.debug.xcconfig"; path = "Target Support Files/Pods-VkNewsFeed/Pods-VkNewsFeed.debug.xcconfig"; sourceTree = "<group>"; };
		CB2D83EAAD0D4E3F0386A4B5 /* Pods_VkNewsFeed.framework */ = {isa = PBXFileReference; explicitFileType = wrapper.framework; includeInIndex = 0; path = Pods_VkNewsFeed.framework; sourceTree = BUILT_PRODUCTS_DIR; };
		D820B6881C634E9F16E0304E /* Pods-VkNewsFeed.release.xcconfig */ = {isa = PBXFileReference; includeInIndex = 1; lastKnownFileType = text.xcconfig; name = "Pods-VkNewsFeed.release.xcconfig"; path = "Target Support Files/Pods-VkNewsFeed/Pods-VkNewsFeed.release.xcconfig"; sourceTree = "<group>"; };
		FA6EBFAA28D484E100A4B5E7 /* FeedResponse.swift */ = {isa = PBXFileReference; lastKnownFileType = sourcecode.swift; path = FeedResponse.swift; sourceTree = "<group>"; };
		FA6EBFAC28D48BFA00A4B5E7 /* NetworkDataFetcher.swift */ = {isa = PBXFileReference; lastKnownFileType = sourcecode.swift; path = NetworkDataFetcher.swift; sourceTree = "<group>"; };
		FA6EBFAF28D4936500A4B5E7 /* NewsFeedPresenter.swift */ = {isa = PBXFileReference; lastKnownFileType = sourcecode.swift; path = NewsFeedPresenter.swift; sourceTree = "<group>"; };
		FA6EBFB028D4936500A4B5E7 /* NewsFeedWorker.swift */ = {isa = PBXFileReference; lastKnownFileType = sourcecode.swift; path = NewsFeedWorker.swift; sourceTree = "<group>"; };
		FA6EBFB128D4936500A4B5E7 /* NewsFeedRouter.swift */ = {isa = PBXFileReference; lastKnownFileType = sourcecode.swift; path = NewsFeedRouter.swift; sourceTree = "<group>"; };
		FA6EBFB228D4936500A4B5E7 /* NewsFeedModels.swift */ = {isa = PBXFileReference; lastKnownFileType = sourcecode.swift; path = NewsFeedModels.swift; sourceTree = "<group>"; };
		FA6EBFB328D4936500A4B5E7 /* NewsFeedViewController.swift */ = {isa = PBXFileReference; lastKnownFileType = sourcecode.swift; path = NewsFeedViewController.swift; sourceTree = "<group>"; };
		FA6EBFB428D4936500A4B5E7 /* NewsFeedInteractor.swift */ = {isa = PBXFileReference; lastKnownFileType = sourcecode.swift; path = NewsFeedInteractor.swift; sourceTree = "<group>"; };
		FA6EBFBD28D49D5200A4B5E7 /* NewsFeedViewController.storyboard */ = {isa = PBXFileReference; lastKnownFileType = file.storyboard; path = NewsFeedViewController.storyboard; sourceTree = "<group>"; };
		FA90D56D28D1F579008B6DA0 /* AuthViewController.storyboard */ = {isa = PBXFileReference; lastKnownFileType = file.storyboard; path = AuthViewController.storyboard; sourceTree = "<group>"; };
		FA90D5C428D37878008B6DA0 /* NetworkService.swift */ = {isa = PBXFileReference; lastKnownFileType = sourcecode.swift; path = NetworkService.swift; sourceTree = "<group>"; };
		FA90D5C628D37958008B6DA0 /* API.swift */ = {isa = PBXFileReference; lastKnownFileType = sourcecode.swift; path = API.swift; sourceTree = "<group>"; };
		FAD2C75C28D4AF8B00B3CE3F /* NewsFeedCell.swift */ = {isa = PBXFileReference; lastKnownFileType = sourcecode.swift; path = NewsFeedCell.swift; sourceTree = "<group>"; };
		FAD2C75E28D4AFD300B3CE3F /* NewsFeedCell.xib */ = {isa = PBXFileReference; lastKnownFileType = file.xib; path = NewsFeedCell.xib; sourceTree = "<group>"; };
		FAD2C76128D5FBBE00B3CE3F /* WebImageView.swift */ = {isa = PBXFileReference; lastKnownFileType = sourcecode.swift; path = WebImageView.swift; sourceTree = "<group>"; };
		FAD2C76328D61C1C00B3CE3F /* NewsFeedCellLayoutCompilator.swift */ = {isa = PBXFileReference; lastKnownFileType = sourcecode.swift; path = NewsFeedCellLayoutCompilator.swift; sourceTree = "<group>"; };
		FAD2C76528D62BF400B3CE3F /* String + Height.swift */ = {isa = PBXFileReference; lastKnownFileType = sourcecode.swift; path = "String + Height.swift"; sourceTree = "<group>"; };
		FAD2C76728D7755900B3CE3F /* NewsFeedCodeCell.swift */ = {isa = PBXFileReference; lastKnownFileType = sourcecode.swift; path = NewsFeedCodeCell.swift; sourceTree = "<group>"; };
		FAD2C76928D77BF700B3CE3F /* Constraints.swift */ = {isa = PBXFileReference; lastKnownFileType = sourcecode.swift; path = Constraints.swift; sourceTree = "<group>"; };
		FAD2C76B28D7831000B3CE3F /* Constants.swift */ = {isa = PBXFileReference; lastKnownFileType = sourcecode.swift; path = Constants.swift; sourceTree = "<group>"; };
		FAF81DE528D0C79A00F80084 /* VkNewsFeed.app */ = {isa = PBXFileReference; explicitFileType = wrapper.application; includeInIndex = 0; path = VkNewsFeed.app; sourceTree = BUILT_PRODUCTS_DIR; };
		FAF81DE828D0C79A00F80084 /* AppDelegate.swift */ = {isa = PBXFileReference; lastKnownFileType = sourcecode.swift; path = AppDelegate.swift; sourceTree = "<group>"; };
		FAF81DEA28D0C79A00F80084 /* SceneDelegate.swift */ = {isa = PBXFileReference; lastKnownFileType = sourcecode.swift; path = SceneDelegate.swift; sourceTree = "<group>"; };
		FAF81DEC28D0C79A00F80084 /* AuthViewController.swift */ = {isa = PBXFileReference; lastKnownFileType = sourcecode.swift; path = AuthViewController.swift; sourceTree = "<group>"; };
		FAF81DF128D0C79F00F80084 /* Assets.xcassets */ = {isa = PBXFileReference; lastKnownFileType = folder.assetcatalog; path = Assets.xcassets; sourceTree = "<group>"; };
		FAF81DF428D0C79F00F80084 /* Base */ = {isa = PBXFileReference; lastKnownFileType = file.storyboard; name = Base; path = Base.lproj/LaunchScreen.storyboard; sourceTree = "<group>"; };
		FAF81DF628D0C79F00F80084 /* Info.plist */ = {isa = PBXFileReference; lastKnownFileType = text.plist.xml; path = Info.plist; sourceTree = "<group>"; };
		FAF81DFC28D0D0CA00F80084 /* AuthService.swift */ = {isa = PBXFileReference; lastKnownFileType = sourcecode.swift; path = AuthService.swift; sourceTree = "<group>"; };
/* End PBXFileReference section */

/* Begin PBXFrameworksBuildPhase section */
		FAF81DE228D0C79A00F80084 /* Frameworks */ = {
			isa = PBXFrameworksBuildPhase;
			buildActionMask = 2147483647;
			files = (
				22F235ADD2713B4EED3A8707 /* Pods_VkNewsFeed.framework in Frameworks */,
			);
			runOnlyForDeploymentPostprocessing = 0;
		};
/* End PBXFrameworksBuildPhase section */

/* Begin PBXGroup section */
		B22BE4041FE3597EDB1BB349 /* Pods */ = {
			isa = PBXGroup;
			children = (
				28E654E29D1C71FAA3147111 /* Pods-VkNewsFeed.debug.xcconfig */,
				D820B6881C634E9F16E0304E /* Pods-VkNewsFeed.release.xcconfig */,
			);
			path = Pods;
			sourceTree = "<group>";
		};
		E647B19739365ACAAD962D90 /* Frameworks */ = {
			isa = PBXGroup;
			children = (
				CB2D83EAAD0D4E3F0386A4B5 /* Pods_VkNewsFeed.framework */,
			);
			name = Frameworks;
			sourceTree = "<group>";
		};
		FA6EBFAE28D4932800A4B5E7 /* NewsFeed */ = {
			isa = PBXGroup;
			children = (
				FAD2C75B28D4AF7700B3CE3F /* Cell */,
				FA6EBFBD28D49D5200A4B5E7 /* NewsFeedViewController.storyboard */,
				FA6EBFB328D4936500A4B5E7 /* NewsFeedViewController.swift */,
				FA6EBFB428D4936500A4B5E7 /* NewsFeedInteractor.swift */,
				FA6EBFAF28D4936500A4B5E7 /* NewsFeedPresenter.swift */,
				FA6EBFB228D4936500A4B5E7 /* NewsFeedModels.swift */,
				FA6EBFB028D4936500A4B5E7 /* NewsFeedWorker.swift */,
				FA6EBFB128D4936500A4B5E7 /* NewsFeedRouter.swift */,
			);
			name = NewsFeed;
			path = ..;
			sourceTree = "<group>";
		};
		FA90D5C328D37518008B6DA0 /* AuthViewController */ = {
			isa = PBXGroup;
			children = (
				FA90D56D28D1F579008B6DA0 /* AuthViewController.storyboard */,
				FAF81DEC28D0C79A00F80084 /* AuthViewController.swift */,
			);
			path = AuthViewController;
			sourceTree = "<group>";
		};
		FA90D5C828D48458008B6DA0 /* Models */ = {
			isa = PBXGroup;
			children = (
				FA6EBFAA28D484E100A4B5E7 /* FeedResponse.swift */,
			);
			path = Models;
			sourceTree = "<group>";
		};
		FAD2C75B28D4AF7700B3CE3F /* Cell */ = {
			isa = PBXGroup;
			children = (
				FAD2C75C28D4AF8B00B3CE3F /* NewsFeedCell.swift */,
				FAD2C75E28D4AFD300B3CE3F /* NewsFeedCell.xib */,
				FAD2C76328D61C1C00B3CE3F /* NewsFeedCellLayoutCompilator.swift */,
				FAD2C76728D7755900B3CE3F /* NewsFeedCodeCell.swift */,
				FAD2C76B28D7831000B3CE3F /* Constants.swift */,
			);
			path = Cell;
			sourceTree = "<group>";
		};
		FAD2C76028D5FB9F00B3CE3F /* Helpers */ = {
			isa = PBXGroup;
			children = (
				FAD2C76128D5FBBE00B3CE3F /* WebImageView.swift */,
				FAD2C76528D62BF400B3CE3F /* String + Height.swift */,
				FAD2C76928D77BF700B3CE3F /* Constraints.swift */,
			);
			path = Helpers;
			sourceTree = "<group>";
		};
		FAF81DDC28D0C79A00F80084 = {
			isa = PBXGroup;
			children = (
				FAF81DE728D0C79A00F80084 /* VkNewsFeed */,
				FAF81DE628D0C79A00F80084 /* Products */,
				B22BE4041FE3597EDB1BB349 /* Pods */,
				E647B19739365ACAAD962D90 /* Frameworks */,
			);
			sourceTree = "<group>";
		};
		FAF81DE628D0C79A00F80084 /* Products */ = {
			isa = PBXGroup;
			children = (
				FAF81DE528D0C79A00F80084 /* VkNewsFeed.app */,
			);
			name = Products;
			sourceTree = "<group>";
		};
		FAF81DE728D0C79A00F80084 /* VkNewsFeed */ = {
			isa = PBXGroup;
			children = (
				FAF81DE828D0C79A00F80084 /* AppDelegate.swift */,
				FAF81DEA28D0C79A00F80084 /* SceneDelegate.swift */,
				FAF81DFE28D0D0E200F80084 /* Services */,
				FA6EBFAE28D4932800A4B5E7 /* NewsFeed */,
				FA90D5C328D37518008B6DA0 /* AuthViewController */,
				FAD2C76028D5FB9F00B3CE3F /* Helpers */,
				FAF81DF128D0C79F00F80084 /* Assets.xcassets */,
				FAF81DF328D0C79F00F80084 /* LaunchScreen.storyboard */,
				FAF81DF628D0C79F00F80084 /* Info.plist */,
			);
			path = VkNewsFeed;
			sourceTree = "<group>";
		};
		FAF81DFE28D0D0E200F80084 /* Services */ = {
			isa = PBXGroup;
			children = (
				FA90D5C828D48458008B6DA0 /* Models */,
				FAF81DFC28D0D0CA00F80084 /* AuthService.swift */,
				FA90D5C428D37878008B6DA0 /* NetworkService.swift */,
				FA90D5C628D37958008B6DA0 /* API.swift */,
				FA6EBFAC28D48BFA00A4B5E7 /* NetworkDataFetcher.swift */,
			);
			path = Services;
			sourceTree = "<group>";
		};
/* End PBXGroup section */

/* Begin PBXNativeTarget section */
		FAF81DE428D0C79A00F80084 /* VkNewsFeed */ = {
			isa = PBXNativeTarget;
			buildConfigurationList = FAF81DF928D0C79F00F80084 /* Build configuration list for PBXNativeTarget "VkNewsFeed" */;
			buildPhases = (
				1AC78830BE541885D6E7EDE7 /* [CP] Check Pods Manifest.lock */,
				FAF81DE128D0C79A00F80084 /* Sources */,
				FAF81DE228D0C79A00F80084 /* Frameworks */,
				FAF81DE328D0C79A00F80084 /* Resources */,
				85C8B409FF5EB733C46248EF /* [CP] Embed Pods Frameworks */,
			);
			buildRules = (
			);
			dependencies = (
			);
			name = VkNewsFeed;
			productName = VkNewsFeed;
			productReference = FAF81DE528D0C79A00F80084 /* VkNewsFeed.app */;
			productType = "com.apple.product-type.application";
		};
/* End PBXNativeTarget section */

/* Begin PBXProject section */
		FAF81DDD28D0C79A00F80084 /* Project object */ = {
			isa = PBXProject;
			attributes = {
				BuildIndependentTargetsInParallel = 1;
				LastSwiftUpdateCheck = 1340;
				LastUpgradeCheck = 1340;
				TargetAttributes = {
					FAF81DE428D0C79A00F80084 = {
						CreatedOnToolsVersion = 13.4.1;
					};
				};
			};
			buildConfigurationList = FAF81DE028D0C79A00F80084 /* Build configuration list for PBXProject "VkNewsFeed" */;
			compatibilityVersion = "Xcode 13.0";
			developmentRegion = en;
			hasScannedForEncodings = 0;
			knownRegions = (
				en,
				Base,
			);
			mainGroup = FAF81DDC28D0C79A00F80084;
			productRefGroup = FAF81DE628D0C79A00F80084 /* Products */;
			projectDirPath = "";
			projectRoot = "";
			targets = (
				FAF81DE428D0C79A00F80084 /* VkNewsFeed */,
			);
		};
/* End PBXProject section */

/* Begin PBXResourcesBuildPhase section */
		FAF81DE328D0C79A00F80084 /* Resources */ = {
			isa = PBXResourcesBuildPhase;
			buildActionMask = 2147483647;
			files = (
				FA6EBFBE28D49D5200A4B5E7 /* NewsFeedViewController.storyboard in Resources */,
				FAF81DF528D0C79F00F80084 /* LaunchScreen.storyboard in Resources */,
				FAD2C75F28D4AFD300B3CE3F /* NewsFeedCell.xib in Resources */,
				FA90D56E28D1F57A008B6DA0 /* AuthViewController.storyboard in Resources */,
				FAF81DF228D0C79F00F80084 /* Assets.xcassets in Resources */,
			);
			runOnlyForDeploymentPostprocessing = 0;
		};
/* End PBXResourcesBuildPhase section */

/* Begin PBXShellScriptBuildPhase section */
		1AC78830BE541885D6E7EDE7 /* [CP] Check Pods Manifest.lock */ = {
			isa = PBXShellScriptBuildPhase;
			buildActionMask = 2147483647;
			files = (
			);
			inputFileListPaths = (
			);
			inputPaths = (
				"${PODS_PODFILE_DIR_PATH}/Podfile.lock",
				"${PODS_ROOT}/Manifest.lock",
			);
			name = "[CP] Check Pods Manifest.lock";
			outputFileListPaths = (
			);
			outputPaths = (
				"$(DERIVED_FILE_DIR)/Pods-VkNewsFeed-checkManifestLockResult.txt",
			);
			runOnlyForDeploymentPostprocessing = 0;
			shellPath = /bin/sh;
			shellScript = "diff \"${PODS_PODFILE_DIR_PATH}/Podfile.lock\" \"${PODS_ROOT}/Manifest.lock\" > /dev/null\nif [ $? != 0 ] ; then\n    # print error to STDERR\n    echo \"error: The sandbox is not in sync with the Podfile.lock. Run 'pod install' or update your CocoaPods installation.\" >&2\n    exit 1\nfi\n# This output is used by Xcode 'outputs' to avoid re-running this script phase.\necho \"SUCCESS\" > \"${SCRIPT_OUTPUT_FILE_0}\"\n";
			showEnvVarsInLog = 0;
		};
		85C8B409FF5EB733C46248EF /* [CP] Embed Pods Frameworks */ = {
			isa = PBXShellScriptBuildPhase;
			buildActionMask = 2147483647;
			files = (
			);
			inputFileListPaths = (
				"${PODS_ROOT}/Target Support Files/Pods-VkNewsFeed/Pods-VkNewsFeed-frameworks-${CONFIGURATION}-input-files.xcfilelist",
			);
			name = "[CP] Embed Pods Frameworks";
			outputFileListPaths = (
				"${PODS_ROOT}/Target Support Files/Pods-VkNewsFeed/Pods-VkNewsFeed-frameworks-${CONFIGURATION}-output-files.xcfilelist",
			);
			runOnlyForDeploymentPostprocessing = 0;
			shellPath = /bin/sh;
			shellScript = "\"${PODS_ROOT}/Target Support Files/Pods-VkNewsFeed/Pods-VkNewsFeed-frameworks.sh\"\n";
			showEnvVarsInLog = 0;
		};
/* End PBXShellScriptBuildPhase section */

/* Begin PBXSourcesBuildPhase section */
		FAF81DE128D0C79A00F80084 /* Sources */ = {
			isa = PBXSourcesBuildPhase;
			buildActionMask = 2147483647;
			files = (
				FA6EBFAB28D484E100A4B5E7 /* FeedResponse.swift in Sources */,
				FAD2C76628D62BF400B3CE3F /* String + Height.swift in Sources */,
				FAD2C76828D7755900B3CE3F /* NewsFeedCodeCell.swift in Sources */,
				FA6EBFB628D4936500A4B5E7 /* NewsFeedPresenter.swift in Sources */,
				FAF81DED28D0C79A00F80084 /* AuthViewController.swift in Sources */,
				FAF81DE928D0C79A00F80084 /* AppDelegate.swift in Sources */,
				FA6EBFBB28D4936500A4B5E7 /* NewsFeedInteractor.swift in Sources */,
				FAF81DEB28D0C79A00F80084 /* SceneDelegate.swift in Sources */,
				FA90D5C528D37878008B6DA0 /* NetworkService.swift in Sources */,
				FA6EBFAD28D48BFA00A4B5E7 /* NetworkDataFetcher.swift in Sources */,
				FA6EBFB728D4936500A4B5E7 /* NewsFeedWorker.swift in Sources */,
				FAD2C76C28D7831000B3CE3F /* Constants.swift in Sources */,
				FAD2C76228D5FBBE00B3CE3F /* WebImageView.swift in Sources */,
				FAD2C76A28D77BF700B3CE3F /* Constraints.swift in Sources */,
				FA6EBFB828D4936500A4B5E7 /* NewsFeedRouter.swift in Sources */,
				FAF81DFD28D0D0CA00F80084 /* AuthService.swift in Sources */,
				FA90D5C728D37958008B6DA0 /* API.swift in Sources */,
				FA6EBFB928D4936500A4B5E7 /* NewsFeedModels.swift in Sources */,
				FAD2C75D28D4AF8B00B3CE3F /* NewsFeedCell.swift in Sources */,
				FA6EBFBA28D4936500A4B5E7 /* NewsFeedViewController.swift in Sources */,
				FAD2C76428D61C1C00B3CE3F /* NewsFeedCellLayoutCompilator.swift in Sources */,
			);
			runOnlyForDeploymentPostprocessing = 0;
		};
/* End PBXSourcesBuildPhase section */

/* Begin PBXVariantGroup section */
		FAF81DF328D0C79F00F80084 /* LaunchScreen.storyboard */ = {
			isa = PBXVariantGroup;
			children = (
				FAF81DF428D0C79F00F80084 /* Base */,
			);
			name = LaunchScreen.storyboard;
			sourceTree = "<group>";
		};
/* End PBXVariantGroup section */

/* Begin XCBuildConfiguration section */
		FAF81DF728D0C79F00F80084 /* Debug */ = {
			isa = XCBuildConfiguration;
			buildSettings = {
				ALWAYS_SEARCH_USER_PATHS = NO;
				CLANG_ANALYZER_NONNULL = YES;
				CLANG_ANALYZER_NUMBER_OBJECT_CONVERSION = YES_AGGRESSIVE;
				CLANG_CXX_LANGUAGE_STANDARD = "gnu++17";
				CLANG_ENABLE_MODULES = YES;
				CLANG_ENABLE_OBJC_ARC = YES;
				CLANG_ENABLE_OBJC_WEAK = YES;
				CLANG_WARN_BLOCK_CAPTURE_AUTORELEASING = YES;
				CLANG_WARN_BOOL_CONVERSION = YES;
				CLANG_WARN_COMMA = YES;
				CLANG_WARN_CONSTANT_CONVERSION = YES;
				CLANG_WARN_DEPRECATED_OBJC_IMPLEMENTATIONS = YES;
				CLANG_WARN_DIRECT_OBJC_ISA_USAGE = YES_ERROR;
				CLANG_WARN_DOCUMENTATION_COMMENTS = YES;
				CLANG_WARN_EMPTY_BODY = YES;
				CLANG_WARN_ENUM_CONVERSION = YES;
				CLANG_WARN_INFINITE_RECURSION = YES;
				CLANG_WARN_INT_CONVERSION = YES;
				CLANG_WARN_NON_LITERAL_NULL_CONVERSION = YES;
				CLANG_WARN_OBJC_IMPLICIT_RETAIN_SELF = YES;
				CLANG_WARN_OBJC_LITERAL_CONVERSION = YES;
				CLANG_WARN_OBJC_ROOT_CLASS = YES_ERROR;
				CLANG_WARN_QUOTED_INCLUDE_IN_FRAMEWORK_HEADER = YES;
				CLANG_WARN_RANGE_LOOP_ANALYSIS = YES;
				CLANG_WARN_STRICT_PROTOTYPES = YES;
				CLANG_WARN_SUSPICIOUS_MOVE = YES;
				CLANG_WARN_UNGUARDED_AVAILABILITY = YES_AGGRESSIVE;
				CLANG_WARN_UNREACHABLE_CODE = YES;
				CLANG_WARN__DUPLICATE_METHOD_MATCH = YES;
				COPY_PHASE_STRIP = NO;
				DEBUG_INFORMATION_FORMAT = dwarf;
				ENABLE_STRICT_OBJC_MSGSEND = YES;
				ENABLE_TESTABILITY = YES;
				GCC_C_LANGUAGE_STANDARD = gnu11;
				GCC_DYNAMIC_NO_PIC = NO;
				GCC_NO_COMMON_BLOCKS = YES;
				GCC_OPTIMIZATION_LEVEL = 0;
				GCC_PREPROCESSOR_DEFINITIONS = (
					"DEBUG=1",
					"$(inherited)",
				);
				GCC_WARN_64_TO_32_BIT_CONVERSION = YES;
				GCC_WARN_ABOUT_RETURN_TYPE = YES_ERROR;
				GCC_WARN_UNDECLARED_SELECTOR = YES;
				GCC_WARN_UNINITIALIZED_AUTOS = YES_AGGRESSIVE;
				GCC_WARN_UNUSED_FUNCTION = YES;
				GCC_WARN_UNUSED_VARIABLE = YES;
				IPHONEOS_DEPLOYMENT_TARGET = 15.5;
				MTL_ENABLE_DEBUG_INFO = INCLUDE_SOURCE;
				MTL_FAST_MATH = YES;
				ONLY_ACTIVE_ARCH = YES;
				SDKROOT = iphoneos;
				SWIFT_ACTIVE_COMPILATION_CONDITIONS = DEBUG;
				SWIFT_OPTIMIZATION_LEVEL = "-Onone";
			};
			name = Debug;
		};
		FAF81DF828D0C79F00F80084 /* Release */ = {
			isa = XCBuildConfiguration;
			buildSettings = {
				ALWAYS_SEARCH_USER_PATHS = NO;
				CLANG_ANALYZER_NONNULL = YES;
				CLANG_ANALYZER_NUMBER_OBJECT_CONVERSION = YES_AGGRESSIVE;
				CLANG_CXX_LANGUAGE_STANDARD = "gnu++17";
				CLANG_ENABLE_MODULES = YES;
				CLANG_ENABLE_OBJC_ARC = YES;
				CLANG_ENABLE_OBJC_WEAK = YES;
				CLANG_WARN_BLOCK_CAPTURE_AUTORELEASING = YES;
				CLANG_WARN_BOOL_CONVERSION = YES;
				CLANG_WARN_COMMA = YES;
				CLANG_WARN_CONSTANT_CONVERSION = YES;
				CLANG_WARN_DEPRECATED_OBJC_IMPLEMENTATIONS = YES;
				CLANG_WARN_DIRECT_OBJC_ISA_USAGE = YES_ERROR;
				CLANG_WARN_DOCUMENTATION_COMMENTS = YES;
				CLANG_WARN_EMPTY_BODY = YES;
				CLANG_WARN_ENUM_CONVERSION = YES;
				CLANG_WARN_INFINITE_RECURSION = YES;
				CLANG_WARN_INT_CONVERSION = YES;
				CLANG_WARN_NON_LITERAL_NULL_CONVERSION = YES;
				CLANG_WARN_OBJC_IMPLICIT_RETAIN_SELF = YES;
				CLANG_WARN_OBJC_LITERAL_CONVERSION = YES;
				CLANG_WARN_OBJC_ROOT_CLASS = YES_ERROR;
				CLANG_WARN_QUOTED_INCLUDE_IN_FRAMEWORK_HEADER = YES;
				CLANG_WARN_RANGE_LOOP_ANALYSIS = YES;
				CLANG_WARN_STRICT_PROTOTYPES = YES;
				CLANG_WARN_SUSPICIOUS_MOVE = YES;
				CLANG_WARN_UNGUARDED_AVAILABILITY = YES_AGGRESSIVE;
				CLANG_WARN_UNREACHABLE_CODE = YES;
				CLANG_WARN__DUPLICATE_METHOD_MATCH = YES;
				COPY_PHASE_STRIP = NO;
				DEBUG_INFORMATION_FORMAT = "dwarf-with-dsym";
				ENABLE_NS_ASSERTIONS = NO;
				ENABLE_STRICT_OBJC_MSGSEND = YES;
				GCC_C_LANGUAGE_STANDARD = gnu11;
				GCC_NO_COMMON_BLOCKS = YES;
				GCC_WARN_64_TO_32_BIT_CONVERSION = YES;
				GCC_WARN_ABOUT_RETURN_TYPE = YES_ERROR;
				GCC_WARN_UNDECLARED_SELECTOR = YES;
				GCC_WARN_UNINITIALIZED_AUTOS = YES_AGGRESSIVE;
				GCC_WARN_UNUSED_FUNCTION = YES;
				GCC_WARN_UNUSED_VARIABLE = YES;
				IPHONEOS_DEPLOYMENT_TARGET = 15.5;
				MTL_ENABLE_DEBUG_INFO = NO;
				MTL_FAST_MATH = YES;
				SDKROOT = iphoneos;
				SWIFT_COMPILATION_MODE = wholemodule;
				SWIFT_OPTIMIZATION_LEVEL = "-O";
				VALIDATE_PRODUCT = YES;
			};
			name = Release;
		};
		FAF81DFA28D0C79F00F80084 /* Debug */ = {
			isa = XCBuildConfiguration;
			baseConfigurationReference = 28E654E29D1C71FAA3147111 /* Pods-VkNewsFeed.debug.xcconfig */;
			buildSettings = {
				ASSETCATALOG_COMPILER_APPICON_NAME = AppIcon;
				ASSETCATALOG_COMPILER_GLOBAL_ACCENT_COLOR_NAME = AccentColor;
				CODE_SIGN_STYLE = Automatic;
				CURRENT_PROJECT_VERSION = 1;
				GENERATE_INFOPLIST_FILE = YES;
				INFOPLIST_FILE = VkNewsFeed/Info.plist;
				INFOPLIST_KEY_UIApplicationSupportsIndirectInputEvents = YES;
				INFOPLIST_KEY_UILaunchStoryboardName = LaunchScreen;
				INFOPLIST_KEY_UISupportedInterfaceOrientations_iPad = "UIInterfaceOrientationPortrait UIInterfaceOrientationPortraitUpsideDown UIInterfaceOrientationLandscapeLeft UIInterfaceOrientationLandscapeRight";
				INFOPLIST_KEY_UISupportedInterfaceOrientations_iPhone = "UIInterfaceOrientationPortrait UIInterfaceOrientationLandscapeLeft UIInterfaceOrientationLandscapeRight";
				LD_RUNPATH_SEARCH_PATHS = (
					"$(inherited)",
					"@executable_path/Frameworks",
				);
				MARKETING_VERSION = 1.0;
				PRODUCT_BUNDLE_IDENTIFIER = ru.apolinarys.VkNewsFeed;
				PRODUCT_NAME = "$(TARGET_NAME)";
				SWIFT_EMIT_LOC_STRINGS = YES;
				SWIFT_VERSION = 5.0;
				TARGETED_DEVICE_FAMILY = "1,2";
			};
			name = Debug;
		};
		FAF81DFB28D0C79F00F80084 /* Release */ = {
			isa = XCBuildConfiguration;
			baseConfigurationReference = D820B6881C634E9F16E0304E /* Pods-VkNewsFeed.release.xcconfig */;
			buildSettings = {
				ASSETCATALOG_COMPILER_APPICON_NAME = AppIcon;
				ASSETCATALOG_COMPILER_GLOBAL_ACCENT_COLOR_NAME = AccentColor;
				CODE_SIGN_STYLE = Automatic;
				CURRENT_PROJECT_VERSION = 1;
				GENERATE_INFOPLIST_FILE = YES;
				INFOPLIST_FILE = VkNewsFeed/Info.plist;
				INFOPLIST_KEY_UIApplicationSupportsIndirectInputEvents = YES;
				INFOPLIST_KEY_UILaunchStoryboardName = LaunchScreen;
				INFOPLIST_KEY_UISupportedInterfaceOrientations_iPad = "UIInterfaceOrientationPortrait UIInterfaceOrientationPortraitUpsideDown UIInterfaceOrientationLandscapeLeft UIInterfaceOrientationLandscapeRight";
				INFOPLIST_KEY_UISupportedInterfaceOrientations_iPhone = "UIInterfaceOrientationPortrait UIInterfaceOrientationLandscapeLeft UIInterfaceOrientationLandscapeRight";
				LD_RUNPATH_SEARCH_PATHS = (
					"$(inherited)",
					"@executable_path/Frameworks",
				);
				MARKETING_VERSION = 1.0;
				PRODUCT_BUNDLE_IDENTIFIER = ru.apolinarys.VkNewsFeed;
				PRODUCT_NAME = "$(TARGET_NAME)";
				SWIFT_EMIT_LOC_STRINGS = YES;
				SWIFT_VERSION = 5.0;
				TARGETED_DEVICE_FAMILY = "1,2";
			};
			name = Release;
		};
/* End XCBuildConfiguration section */

/* Begin XCConfigurationList section */
		FAF81DE028D0C79A00F80084 /* Build configuration list for PBXProject "VkNewsFeed" */ = {
			isa = XCConfigurationList;
			buildConfigurations = (
				FAF81DF728D0C79F00F80084 /* Debug */,
				FAF81DF828D0C79F00F80084 /* Release */,
			);
			defaultConfigurationIsVisible = 0;
			defaultConfigurationName = Release;
		};
		FAF81DF928D0C79F00F80084 /* Build configuration list for PBXNativeTarget "VkNewsFeed" */ = {
			isa = XCConfigurationList;
			buildConfigurations = (
				FAF81DFA28D0C79F00F80084 /* Debug */,
				FAF81DFB28D0C79F00F80084 /* Release */,
			);
			defaultConfigurationIsVisible = 0;
			defaultConfigurationName = Release;
		};
/* End XCConfigurationList section */
	};
	rootObject = FAF81DDD28D0C79A00F80084 /* Project object */;
}
